
Microsoft Visual Studio Solution File, Format Version 12.00
# Visual Studio Version 16
VisualStudioVersion = 16.0.31321.278
MinimumVisualStudioVersion = 10.0.40219.1
Project("{9A19103F-16F7-4668-BE54-9A1E7A4F7556}") = "TreatmentOffering", "TreatmentOffering\TreatmentOffering.csproj", "{9327703E-537E-4644-84EB-409284B78387}"
EndProject
Project("{FAE04EC0-301F-11D3-BF4B-00C04F79EFBC}") = "TreatmentOfferingTest", "..\TreatmentOfferingTest\TreatmentOfferingTest.csproj", "{2DAE474B-3455-444B-83CE-A43BCEF53D2A}"
EndProject
Global
	GlobalSection(SolutionConfigurationPlatforms) = preSolution
		Debug|Any CPU = Debug|Any CPU
		Release|Any CPU = Release|Any CPU
	EndGlobalSection
	GlobalSection(ProjectConfigurationPlatforms) = postSolution
		{9327703E-537E-4644-84EB-409284B78387}.Debug|Any CPU.ActiveCfg = Debug|Any CPU
		{9327703E-537E-4644-84EB-409284B78387}.Debug|Any CPU.Build.0 = Debug|Any CPU
		{9327703E-537E-4644-84EB-409284B78387}.Release|Any CPU.ActiveCfg = Release|Any CPU
		{9327703E-537E-4644-84EB-409284B78387}.Release|Any CPU.Build.0 = Release|Any CPU
		{2DAE474B-3455-444B-83CE-A43BCEF53D2A}.Debug|Any CPU.ActiveCfg = Debug|Any CPU
		{2DAE474B-3455-444B-83CE-A43BCEF53D2A}.Debug|Any CPU.Build.0 = Debug|Any CPU
		{2DAE474B-3455-444B-83CE-A43BCEF53D2A}.Release|Any CPU.ActiveCfg = Release|Any CPU
		{2DAE474B-3455-444B-83CE-A43BCEF53D2A}.Release|Any CPU.Build.0 = Release|Any CPU
	EndGlobalSection
	GlobalSection(SolutionProperties) = preSolution
		HideSolutionNode = FALSE
	EndGlobalSection
	GlobalSection(ExtensibilityGlobals) = postSolution
		SolutionGuid = {A3B4B0FC-57BB-4FCE-BAB8-F52E79F6F94F}
	EndGlobalSection
EndGlobal
