
Microsoft Visual Studio Solution File, Format Version 12.00
# Visual Studio Version 16
VisualStudioVersion = 16.0.31321.278
MinimumVisualStudioVersion = 10.0.40219.1
Project("{9A19103F-16F7-4668-BE54-9A1E7A4F7556}") = "AuthorizationMicroservice", "AuthorizationMicroservice\AuthorizationMicroservice.csproj", "{D168692D-7AB4-4CC3-A575-77034CC28DBB}"
EndProject
Project("{9A19103F-16F7-4668-BE54-9A1E7A4F7556}") = "AuthorizationMicroserviceTest", "..\AuthorizationMicroserviceTest\AuthorizationMicroserviceTest.csproj", "{128DD1D6-E1DA-434F-808A-E085746C459C}"
EndProject
Global
	GlobalSection(SolutionConfigurationPlatforms) = preSolution
		Debug|Any CPU = Debug|Any CPU
		Release|Any CPU = Release|Any CPU
	EndGlobalSection
	GlobalSection(ProjectConfigurationPlatforms) = postSolution
		{D168692D-7AB4-4CC3-A575-77034CC28DBB}.Debug|Any CPU.ActiveCfg = Debug|Any CPU
		{D168692D-7AB4-4CC3-A575-77034CC28DBB}.Debug|Any CPU.Build.0 = Debug|Any CPU
		{D168692D-7AB4-4CC3-A575-77034CC28DBB}.Release|Any CPU.ActiveCfg = Release|Any CPU
		{D168692D-7AB4-4CC3-A575-77034CC28DBB}.Release|Any CPU.Build.0 = Release|Any CPU
		{128DD1D6-E1DA-434F-808A-E085746C459C}.Debug|Any CPU.ActiveCfg = Debug|Any CPU
		{128DD1D6-E1DA-434F-808A-E085746C459C}.Debug|Any CPU.Build.0 = Debug|Any CPU
		{128DD1D6-E1DA-434F-808A-E085746C459C}.Release|Any CPU.ActiveCfg = Release|Any CPU
		{128DD1D6-E1DA-434F-808A-E085746C459C}.Release|Any CPU.Build.0 = Release|Any CPU
	EndGlobalSection
	GlobalSection(SolutionProperties) = preSolution
		HideSolutionNode = FALSE
	EndGlobalSection
	GlobalSection(ExtensibilityGlobals) = postSolution
		SolutionGuid = {E4651FC4-25E0-4A58-AC2C-73DBD36DC856}
	EndGlobalSection
EndGlobal
